// !$*UTF8*$!
{
	archiveVersion = 1;
	classes = {
	};
	objectVersion = 55;
	objects = {

/* Begin PBXBuildFile section */
		964DC84328DDE01E0063724D /* AppDelegate.swift in Sources */ = {isa = PBXBuildFile; fileRef = 964DC84228DDE01E0063724D /* AppDelegate.swift */; };
		964DC84528DDE01E0063724D /* SceneDelegate.swift in Sources */ = {isa = PBXBuildFile; fileRef = 964DC84428DDE01E0063724D /* SceneDelegate.swift */; };
		964DC84728DDE01E0063724D /* ViewController.swift in Sources */ = {isa = PBXBuildFile; fileRef = 964DC84628DDE01E0063724D /* ViewController.swift */; };
		964DC84A28DDE01E0063724D /* Main.storyboard in Resources */ = {isa = PBXBuildFile; fileRef = 964DC84828DDE01E0063724D /* Main.storyboard */; };
		964DC84D28DDE01E0063724D /* GestureRecognizerMiniApp.xcdatamodeld in Sources */ = {isa = PBXBuildFile; fileRef = 964DC84B28DDE01E0063724D /* GestureRecognizerMiniApp.xcdatamodeld */; };
		964DC84F28DDE0200063724D /* Assets.xcassets in Resources */ = {isa = PBXBuildFile; fileRef = 964DC84E28DDE0200063724D /* Assets.xcassets */; };
		964DC85228DDE0200063724D /* LaunchScreen.storyboard in Resources */ = {isa = PBXBuildFile; fileRef = 964DC85028DDE0200063724D /* LaunchScreen.storyboard */; };
/* End PBXBuildFile section */

/* Begin PBXFileReference section */
		964DC83F28DDE01E0063724D /* GestureRecognizerMiniApp.app */ = {isa = PBXFileReference; explicitFileType = wrapper.application; includeInIndex = 0; path = GestureRecognizerMiniApp.app; sourceTree = BUILT_PRODUCTS_DIR; };
		964DC84228DDE01E0063724D /* AppDelegate.swift */ = {isa = PBXFileReference; lastKnownFileType = sourcecode.swift; path = AppDelegate.swift; sourceTree = "<group>"; };
		964DC84428DDE01E0063724D /* SceneDelegate.swift */ = {isa = PBXFileReference; lastKnownFileType = sourcecode.swift; path = SceneDelegate.swift; sourceTree = "<group>"; };
		964DC84628DDE01E0063724D /* ViewController.swift */ = {isa = PBXFileReference; lastKnownFileType = sourcecode.swift; path = ViewController.swift; sourceTree = "<group>"; };
		964DC84928DDE01E0063724D /* Base */ = {isa = PBXFileReference; lastKnownFileType = file.storyboard; name = Base; path = Base.lproj/Main.storyboard; sourceTree = "<group>"; };
		964DC84C28DDE01E0063724D /* GestureRecognizerMiniApp.xcdatamodel */ = {isa = PBXFileReference; lastKnownFileType = wrapper.xcdatamodel; path = GestureRecognizerMiniApp.xcdatamodel; sourceTree = "<group>"; };
		964DC84E28DDE0200063724D /* Assets.xcassets */ = {isa = PBXFileReference; lastKnownFileType = folder.assetcatalog; path = Assets.xcassets; sourceTree = "<group>"; };
		964DC85128DDE0200063724D /* Base */ = {isa = PBXFileReference; lastKnownFileType = file.storyboard; name = Base; path = Base.lproj/LaunchScreen.storyboard; sourceTree = "<group>"; };
		964DC85328DDE0200063724D /* Info.plist */ = {isa = PBXFileReference; lastKnownFileType = text.plist.xml; path = Info.plist; sourceTree = "<group>"; };
/* End PBXFileReference section */

/* Begin PBXFrameworksBuildPhase section */
		964DC83C28DDE01E0063724D /* Frameworks */ = {
			isa = PBXFrameworksBuildPhase;
			buildActionMask = 2147483647;
			files = (
			);
			runOnlyForDeploymentPostprocessing = 0;
		};
/* End PBXFrameworksBuildPhase section */

/* Begin PBXGroup section */
		964DC83628DDE01E0063724D = {
			isa = PBXGroup;
			children = (
				964DC84128DDE01E0063724D /* GestureRecognizerMiniApp */,
				964DC84028DDE01E0063724D /* Products */,
			);
			sourceTree = "<group>";
		};
		964DC84028DDE01E0063724D /* Products */ = {
			isa = PBXGroup;
			children = (
				964DC83F28DDE01E0063724D /* GestureRecognizerMiniApp.app */,
			);
			name = Products;
			sourceTree = "<group>";
		};
		964DC84128DDE01E0063724D /* GestureRecognizerMiniApp */ = {
			isa = PBXGroup;
			children = (
				964DC84228DDE01E0063724D /* AppDelegate.swift */,
				964DC84428DDE01E0063724D /* SceneDelegate.swift */,
				964DC84628DDE01E0063724D /* ViewController.swift */,
				964DC84828DDE01E0063724D /* Main.storyboard */,
				964DC84E28DDE0200063724D /* Assets.xcassets */,
				964DC85028DDE0200063724D /* LaunchScreen.storyboard */,
				964DC85328DDE0200063724D /* Info.plist */,
				964DC84B28DDE01E0063724D /* GestureRecognizerMiniApp.xcdatamodeld */,
			);
			path = GestureRecognizerMiniApp;
			sourceTree = "<group>";
		};
/* End PBXGroup section */

/* Begin PBXNativeTarget section */
		964DC83E28DDE01E0063724D /* GestureRecognizerMiniApp */ = {
			isa = PBXNativeTarget;
			buildConfigurationList = 964DC85628DDE0200063724D /* Build configuration list for PBXNativeTarget "GestureRecognizerMiniApp" */;
			buildPhases = (
				964DC83B28DDE01E0063724D /* Sources */,
				964DC83C28DDE01E0063724D /* Frameworks */,
				964DC83D28DDE01E0063724D /* Resources */,
			);
			buildRules = (
			);
			dependencies = (
			);
			name = GestureRecognizerMiniApp;
			productName = GestureRecognizerMiniApp;
			productReference = 964DC83F28DDE01E0063724D /* GestureRecognizerMiniApp.app */;
			productType = "com.apple.product-type.application";
		};
/* End PBXNativeTarget section */

/* Begin PBXProject section */
		964DC83728DDE01E0063724D /* Project object */ = {
			isa = PBXProject;
			attributes = {
				BuildIndependentTargetsInParallel = 1;
				LastSwiftUpdateCheck = 1340;
				LastUpgradeCheck = 1340;
				TargetAttributes = {
					964DC83E28DDE01E0063724D = {
						CreatedOnToolsVersion = 13.4.1;
					};
				};
			};
			buildConfigurationList = 964DC83A28DDE01E0063724D /* Build configuration list for PBXProject "GestureRecognizerMiniApp" */;
			compatibilityVersion = "Xcode 13.0";
			developmentRegion = en;
			hasScannedForEncodings = 0;
			knownRegions = (
				en,
				Base,
			);
			mainGroup = 964DC83628DDE01E0063724D;
			productRefGroup = 964DC84028DDE01E0063724D /* Products */;
			projectDirPath = "";
			projectRoot = "";
			targets = (
				964DC83E28DDE01E0063724D /* GestureRecognizerMiniApp */,
			);
		};
/* End PBXProject section */

/* Begin PBXResourcesBuildPhase section */
		964DC83D28DDE01E0063724D /* Resources */ = {
			isa = PBXResourcesBuildPhase;
			buildActionMask = 2147483647;
			files = (
				964DC85228DDE0200063724D /* LaunchScreen.storyboard in Resources */,
				964DC84F28DDE0200063724D /* Assets.xcassets in Resources */,
				964DC84A28DDE01E0063724D /* Main.storyboard in Resources */,
			);
			runOnlyForDeploymentPostprocessing = 0;
		};
/* End PBXResourcesBuildPhase section */

/* Begin PBXSourcesBuildPhase section */
		964DC83B28DDE01E0063724D /* Sources */ = {
			isa = PBXSourcesBuildPhase;
			buildActionMask = 2147483647;
			files = (
				964DC84728DDE01E0063724D /* ViewController.swift in Sources */,
				964DC84328DDE01E0063724D /* AppDelegate.swift in Sources */,
				964DC84D28DDE01E0063724D /* GestureRecognizerMiniApp.xcdatamodeld in Sources */,
				964DC84528DDE01E0063724D /* SceneDelegate.swift in Sources */,
			);
			runOnlyForDeploymentPostprocessing = 0;
		};
/* End PBXSourcesBuildPhase section */

/* Begin PBXVariantGroup section */
		964DC84828DDE01E0063724D /* Main.storyboard */ = {
			isa = PBXVariantGroup;
			children = (
				964DC84928DDE01E0063724D /* Base */,
			);
			name = Main.storyboard;
			sourceTree = "<group>";
		};
		964DC85028DDE0200063724D /* LaunchScreen.storyboard */ = {
			isa = PBXVariantGroup;
			children = (
				964DC85128DDE0200063724D /* Base */,
			);
			name = LaunchScreen.storyboard;
			sourceTree = "<group>";
		};
/* End PBXVariantGroup section */

/* Begin XCBuildConfiguration section */
		964DC85428DDE0200063724D /* Debug */ = {
			isa = XCBuildConfiguration;
			buildSettings = {
				ALWAYS_SEARCH_USER_PATHS = NO;
				CLANG_ANALYZER_NONNULL = YES;
				CLANG_ANALYZER_NUMBER_OBJECT_CONVERSION = YES_AGGRESSIVE;
				CLANG_CXX_LANGUAGE_STANDARD = "gnu++17";
				CLANG_ENABLE_MODULES = YES;
				CLANG_ENABLE_OBJC_ARC = YES;
				CLANG_ENABLE_OBJC_WEAK = YES;
				CLANG_WARN_BLOCK_CAPTURE_AUTORELEASING = YES;
				CLANG_WARN_BOOL_CONVERSION = YES;
				CLANG_WARN_COMMA = YES;
				CLANG_WARN_CONSTANT_CONVERSION = YES;
				CLANG_WARN_DEPRECATED_OBJC_IMPLEMENTATIONS = YES;
				CLANG_WARN_DIRECT_OBJC_ISA_USAGE = YES_ERROR;
				CLANG_WARN_DOCUMENTATION_COMMENTS = YES;
				CLANG_WARN_EMPTY_BODY = YES;
				CLANG_WARN_ENUM_CONVERSION = YES;
				CLANG_WARN_INFINITE_RECURSION = YES;
				CLANG_WARN_INT_CONVERSION = YES;
				CLANG_WARN_NON_LITERAL_NULL_CONVERSION = YES;
				CLANG_WARN_OBJC_IMPLICIT_RETAIN_SELF = YES;
				CLANG_WARN_OBJC_LITERAL_CONVERSION = YES;
				CLANG_WARN_OBJC_ROOT_CLASS = YES_ERROR;
				CLANG_WARN_QUOTED_INCLUDE_IN_FRAMEWORK_HEADER = YES;
				CLANG_WARN_RANGE_LOOP_ANALYSIS = YES;
				CLANG_WARN_STRICT_PROTOTYPES = YES;
				CLANG_WARN_SUSPICIOUS_MOVE = YES;
				CLANG_WARN_UNGUARDED_AVAILABILITY = YES_AGGRESSIVE;
				CLANG_WARN_UNREACHABLE_CODE = YES;
				CLANG_WARN__DUPLICATE_METHOD_MATCH = YES;
				COPY_PHASE_STRIP = NO;
				DEBUG_INFORMATION_FORMAT = dwarf;
				ENABLE_STRICT_OBJC_MSGSEND = YES;
				ENABLE_TESTABILITY = YES;
				GCC_C_LANGUAGE_STANDARD = gnu11;
				GCC_DYNAMIC_NO_PIC = NO;
				GCC_NO_COMMON_BLOCKS = YES;
				GCC_OPTIMIZATION_LEVEL = 0;
				GCC_PREPROCESSOR_DEFINITIONS = (
					"DEBUG=1",
					"$(inherited)",
				);
				GCC_WARN_64_TO_32_BIT_CONVERSION = YES;
				GCC_WARN_ABOUT_RETURN_TYPE = YES_ERROR;
				GCC_WARN_UNDECLARED_SELECTOR = YES;
				GCC_WARN_UNINITIALIZED_AUTOS = YES_AGGRESSIVE;
				GCC_WARN_UNUSED_FUNCTION = YES;
				GCC_WARN_UNUSED_VARIABLE = YES;
				IPHONEOS_DEPLOYMENT_TARGET = 15.5;
				MTL_ENABLE_DEBUG_INFO = INCLUDE_SOURCE;
				MTL_FAST_MATH = YES;
				ONLY_ACTIVE_ARCH = YES;
				SDKROOT = iphoneos;
				SWIFT_ACTIVE_COMPILATION_CONDITIONS = DEBUG;
				SWIFT_OPTIMIZATION_LEVEL = "-Onone";
			};
			name = Debug;
		};
		964DC85528DDE0200063724D /* Release */ = {
			isa = XCBuildConfiguration;
			buildSettings = {
				ALWAYS_SEARCH_USER_PATHS = NO;
				CLANG_ANALYZER_NONNULL = YES;
				CLANG_ANALYZER_NUMBER_OBJECT_CONVERSION = YES_AGGRESSIVE;
				CLANG_CXX_LANGUAGE_STANDARD = "gnu++17";
				CLANG_ENABLE_MODULES = YES;
				CLANG_ENABLE_OBJC_ARC = YES;
				CLANG_ENABLE_OBJC_WEAK = YES;
				CLANG_WARN_BLOCK_CAPTURE_AUTORELEASING = YES;
				CLANG_WARN_BOOL_CONVERSION = YES;
				CLANG_WARN_COMMA = YES;
				CLANG_WARN_CONSTANT_CONVERSION = YES;
				CLANG_WARN_DEPRECATED_OBJC_IMPLEMENTATIONS = YES;
				CLANG_WARN_DIRECT_OBJC_ISA_USAGE = YES_ERROR;
				CLANG_WARN_DOCUMENTATION_COMMENTS = YES;
				CLANG_WARN_EMPTY_BODY = YES;
				CLANG_WARN_ENUM_CONVERSION = YES;
				CLANG_WARN_INFINITE_RECURSION = YES;
				CLANG_WARN_INT_CONVERSION = YES;
				CLANG_WARN_NON_LITERAL_NULL_CONVERSION = YES;
				CLANG_WARN_OBJC_IMPLICIT_RETAIN_SELF = YES;
				CLANG_WARN_OBJC_LITERAL_CONVERSION = YES;
				CLANG_WARN_OBJC_ROOT_CLASS = YES_ERROR;
				CLANG_WARN_QUOTED_INCLUDE_IN_FRAMEWORK_HEADER = YES;
				CLANG_WARN_RANGE_LOOP_ANALYSIS = YES;
				CLANG_WARN_STRICT_PROTOTYPES = YES;
				CLANG_WARN_SUSPICIOUS_MOVE = YES;
				CLANG_WARN_UNGUARDED_AVAILABILITY = YES_AGGRESSIVE;
				CLANG_WARN_UNREACHABLE_CODE = YES;
				CLANG_WARN__DUPLICATE_METHOD_MATCH = YES;
				COPY_PHASE_STRIP = NO;
				DEBUG_INFORMATION_FORMAT = "dwarf-with-dsym";
				ENABLE_NS_ASSERTIONS = NO;
				ENABLE_STRICT_OBJC_MSGSEND = YES;
				GCC_C_LANGUAGE_STANDARD = gnu11;
				GCC_NO_COMMON_BLOCKS = YES;
				GCC_WARN_64_TO_32_BIT_CONVERSION = YES;
				GCC_WARN_ABOUT_RETURN_TYPE = YES_ERROR;
				GCC_WARN_UNDECLARED_SELECTOR = YES;
				GCC_WARN_UNINITIALIZED_AUTOS = YES_AGGRESSIVE;
				GCC_WARN_UNUSED_FUNCTION = YES;
				GCC_WARN_UNUSED_VARIABLE = YES;
				IPHONEOS_DEPLOYMENT_TARGET = 15.5;
				MTL_ENABLE_DEBUG_INFO = NO;
				MTL_FAST_MATH = YES;
				SDKROOT = iphoneos;
				SWIFT_COMPILATION_MODE = wholemodule;
				SWIFT_OPTIMIZATION_LEVEL = "-O";
				VALIDATE_PRODUCT = YES;
			};
			name = Release;
		};
		964DC85728DDE0200063724D /* Debug */ = {
			isa = XCBuildConfiguration;
			buildSettings = {
				ASSETCATALOG_COMPILER_APPICON_NAME = AppIcon;
				ASSETCATALOG_COMPILER_GLOBAL_ACCENT_COLOR_NAME = AccentColor;
				CODE_SIGN_STYLE = Automatic;
				CURRENT_PROJECT_VERSION = 1;
				DEVELOPMENT_TEAM = 5YWVYY48B9;
				GENERATE_INFOPLIST_FILE = YES;
				INFOPLIST_FILE = GestureRecognizerMiniApp/Info.plist;
				INFOPLIST_KEY_UIApplicationSupportsIndirectInputEvents = YES;
				INFOPLIST_KEY_UILaunchStoryboardName = LaunchScreen;
				INFOPLIST_KEY_UIMainStoryboardFile = Main;
				INFOPLIST_KEY_UISupportedInterfaceOrientations_iPad = "UIInterfaceOrientationPortrait UIInterfaceOrientationPortraitUpsideDown UIInterfaceOrientationLandscapeLeft UIInterfaceOrientationLandscapeRight";
				INFOPLIST_KEY_UISupportedInterfaceOrientations_iPhone = "UIInterfaceOrientationPortrait UIInterfaceOrientationLandscapeLeft UIInterfaceOrientationLandscapeRight";
				LD_RUNPATH_SEARCH_PATHS = (
					"$(inherited)",
					"@executable_path/Frameworks",
				);
				MARKETING_VERSION = 1.0;
				PRODUCT_BUNDLE_IDENTIFIER = pr.GestureRecognizerMiniApp;
				PRODUCT_NAME = "$(TARGET_NAME)";
				SWIFT_EMIT_LOC_STRINGS = YES;
				SWIFT_VERSION = 5.0;
				TARGETED_DEVICE_FAMILY = "1,2";
			};
			name = Debug;
		};
		964DC85828DDE0200063724D /* Release */ = {
			isa = XCBuildConfiguration;
			buildSettings = {
				ASSETCATALOG_COMPILER_APPICON_NAME = AppIcon;
				ASSETCATALOG_COMPILER_GLOBAL_ACCENT_COLOR_NAME = AccentColor;
				CODE_SIGN_STYLE = Automatic;
				CURRENT_PROJECT_VERSION = 1;
				DEVELOPMENT_TEAM = 5YWVYY48B9;
				GENERATE_INFOPLIST_FILE = YES;
				INFOPLIST_FILE = GestureRecognizerMiniApp/Info.plist;
				INFOPLIST_KEY_UIApplicationSupportsIndirectInputEvents = YES;
				INFOPLIST_KEY_UILaunchStoryboardName = LaunchScreen;
				INFOPLIST_KEY_UIMainStoryboardFile = Main;
				INFOPLIST_KEY_UISupportedInterfaceOrientations_iPad = "UIInterfaceOrientationPortrait UIInterfaceOrientationPortraitUpsideDown UIInterfaceOrientationLandscapeLeft UIInterfaceOrientationLandscapeRight";
				INFOPLIST_KEY_UISupportedInterfaceOrientations_iPhone = "UIInterfaceOrientationPortrait UIInterfaceOrientationLandscapeLeft UIInterfaceOrientationLandscapeRight";
				LD_RUNPATH_SEARCH_PATHS = (
					"$(inherited)",
					"@executable_path/Frameworks",
				);
				MARKETING_VERSION = 1.0;
				PRODUCT_BUNDLE_IDENTIFIER = pr.GestureRecognizerMiniApp;
				PRODUCT_NAME = "$(TARGET_NAME)";
				SWIFT_EMIT_LOC_STRINGS = YES;
				SWIFT_VERSION = 5.0;
				TARGETED_DEVICE_FAMILY = "1,2";
			};
			name = Release;
		};
/* End XCBuildConfiguration section */

/* Begin XCConfigurationList section */
		964DC83A28DDE01E0063724D /* Build configuration list for PBXProject "GestureRecognizerMiniApp" */ = {
			isa = XCConfigurationList;
			buildConfigurations = (
				964DC85428DDE0200063724D /* Debug */,
				964DC85528DDE0200063724D /* Release */,
			);
			defaultConfigurationIsVisible = 0;
			defaultConfigurationName = Release;
		};
		964DC85628DDE0200063724D /* Build configuration list for PBXNativeTarget "GestureRecognizerMiniApp" */ = {
			isa = XCConfigurationList;
			buildConfigurations = (
				964DC85728DDE0200063724D /* Debug */,
				964DC85828DDE0200063724D /* Release */,
			);
			defaultConfigurationIsVisible = 0;
			defaultConfigurationName = Release;
		};
/* End XCConfigurationList section */

/* Begin XCVersionGroup section */
		964DC84B28DDE01E0063724D /* GestureRecognizerMiniApp.xcdatamodeld */ = {
			isa = XCVersionGroup;
			children = (
				964DC84C28DDE01E0063724D /* GestureRecognizerMiniApp.xcdatamodel */,
			);
			currentVersion = 964DC84C28DDE01E0063724D /* GestureRecognizerMiniApp.xcdatamodel */;
			path = GestureRecognizerMiniApp.xcdatamodeld;
			sourceTree = "<group>";
			versionGroupType = wrapper.xcdatamodel;
		};
/* End XCVersionGroup section */
	};
	rootObject = 964DC83728DDE01E0063724D /* Project object */;
}
